
Microsoft Visual Studio Solution File, Format Version 12.00
# Visual Studio Version 17
VisualStudioVersion = 17.14.36109.1 d17.14
MinimumVisualStudioVersion = 10.0.40219.1
Project("{FAE04EC0-301F-11D3-BF4B-00C04F79EFBC}") = "TourMate.MembershipService.Api", "TourMate.MembershipService.Api\TourMate.MembershipService.Api.csproj", "{2410BC73-E726-4F25-97D5-BF9AB90B8AE2}"
EndProject
Global
	GlobalSection(SolutionConfigurationPlatforms) = preSolution
		Debug|Any CPU = Debug|Any CPU
		Release|Any CPU = Release|Any CPU
	EndGlobalSection
	GlobalSection(ProjectConfigurationPlatforms) = postSolution
		{2410BC73-E726-4F25-97D5-BF9AB90B8AE2}.Debug|Any CPU.ActiveCfg = Debug|Any CPU
		{2410BC73-E726-4F25-97D5-BF9AB90B8AE2}.Debug|Any CPU.Build.0 = Debug|Any CPU
		{2410BC73-E726-4F25-97D5-BF9AB90B8AE2}.Release|Any CPU.ActiveCfg = Release|Any CPU
		{2410BC73-E726-4F25-97D5-BF9AB90B8AE2}.Release|Any CPU.Build.0 = Release|Any CPU
	EndGlobalSection
	GlobalSection(SolutionProperties) = preSolution
		HideSolutionNode = FALSE
	EndGlobalSection
	GlobalSection(ExtensibilityGlobals) = postSolution
		SolutionGuid = {C19E8662-35FE-4F9D-B9DA-7715832F3BDC}
	EndGlobalSection
EndGlobal
